# This file is autogenerated, do not edit; changes may be undone by the next 'dep ensure'.


[[projects]]
  name = "github.com/aws/aws-lambda-go"
  packages = [
    "events",
    "lambda",
    "lambda/messages",
    "lambdacontext"
  ]
  revision = "fafa7e49388b8991caf99308e80655ba91816b72"
  version = "v1.1.0"

[[projects]]
  branch = "master"
  name = "github.com/hakamadare/yaas-go"
  packages = ["yaas"]
  revision = "8cfcce98d0d0dbf99377142d2a428b1218ebf0a9"

[solve-meta]
  analyzer-name = "dep"
  analyzer-version = 1
  inputs-digest = "13cd093b1264d47867d251d717af262f128886fb3a19c9fd9e19e3688f954bb1"
  solver-name = "gps-cdcl"
  solver-version = 1
