# This file is autogenerated, do not edit; changes may be undone by the next 'dep ensure'.


[[projects]]
  name = "github.com/aws/aws-lambda-go"
  packages = [
    "lambda",
    "lambda/messages",
    "lambdacontext"
  ]
  revision = "fafa7e49388b8991caf99308e80655ba91816b72"
  version = "v1.1.0"

[[projects]]
  branch = "master"
  name = "github.com/hakamadare/yaas-go"
  packages = ["yaas"]
  revision = "cde99499875993478bde4349a1a2ee8dd381887e"

[solve-meta]
  analyzer-name = "dep"
  analyzer-version = 1
  inputs-digest = "55e8f5fb96bc1cd269b8967b87192fc3e8fff9e221f4e569232c7000870c5471"
  solver-name = "gps-cdcl"
  solver-version = 1
